
Microsoft Visual Studio Solution File, Format Version 12.00
# Visual Studio Version 16
VisualStudioVersion = 16.0.30204.135
MinimumVisualStudioVersion = 10.0.40219.1
Project("{2150E333-8FDC-42A3-9474-1A3956D46DE8}") = "GiveMeAllMethods", "GiveMeAllMethods", "{551D2357-D7CD-4B50-9644-2A2736EA5040}"
EndProject
Project("{9A19103F-16F7-4668-BE54-9A1E7A4F7556}") = "GetAllMethodsName", "GiveMeAllMethods\GetAllMethodsName\GetAllMethodsName.csproj", "{EC7C167A-89DD-4942-89E0-3C3ED2B2BE45}"
EndProject
Project("{9A19103F-16F7-4668-BE54-9A1E7A4F7556}") = "GetAllMethodsNameTests", "GiveMeAllMethods\GetAllMethodsNameTests\GetAllMethodsNameTests.csproj", "{43B81E0A-DB61-412F-A14D-328391048A92}"
EndProject
Project("{2150E333-8FDC-42A3-9474-1A3956D46DE8}") = "YourOrderPlease", "YourOrderPlease", "{F7ACF25B-BA5C-41FA-963A-0F6CCF0285B0}"
EndProject
Project("{9A19103F-16F7-4668-BE54-9A1E7A4F7556}") = "Order", "YourOrderPlease\Order\Order.csproj", "{B52A166C-5E77-4ADB-B044-C57C3E4974AF}"
EndProject
Project("{9A19103F-16F7-4668-BE54-9A1E7A4F7556}") = "OrderTests", "YourOrderPlease\OrderTests\OrderTests.csproj", "{267A7550-750B-48DE-99C8-38DEE518F372}"
EndProject
Project("{2150E333-8FDC-42A3-9474-1A3956D46DE8}") = "Array.Diff", "Array.Diff", "{0F16A155-A0FE-47BA-B0CC-C5530539BD10}"
EndProject
Project("{9A19103F-16F7-4668-BE54-9A1E7A4F7556}") = "Array.diffKata", "Array.diff\Array.diffKata\Array.diffKata.csproj", "{C867B7B6-965D-4280-AE48-6E1C80B81D76}"
EndProject
Project("{9A19103F-16F7-4668-BE54-9A1E7A4F7556}") = "Array.diffTests", "Array.diff\Array.diffTests\Array.diffTests.csproj", "{AD4928CC-4839-4634-8309-838CE354021B}"
EndProject
Project("{2150E333-8FDC-42A3-9474-1A3956D46DE8}") = "SmallFuck", "SmallFuck", "{D9DA8353-9807-4369-AD59-18D323CE72F1}"
EndProject
Project("{9A19103F-16F7-4668-BE54-9A1E7A4F7556}") = "SmallFuck", "SmallFuck\SmallFuckKata\SmallFuck.csproj", "{B3204F79-3B3E-4D9B-BD45-CE3D16B362D3}"
EndProject
Project("{9A19103F-16F7-4668-BE54-9A1E7A4F7556}") = "SmallFuckTests", "SmallFuck\SmallFuckTests\SmallFuckTests.csproj", "{151A733C-3207-4119-8EBC-0E893A2D82F8}"
EndProject
Project("{2150E333-8FDC-42A3-9474-1A3956D46DE8}") = "SumStringsAsNumbers", "SumStringsAsNumbers", "{AF56AD32-9355-415C-A309-E01276CEAD1E}"
EndProject
Project("{9A19103F-16F7-4668-BE54-9A1E7A4F7556}") = "SumStringsAsNumbersKata", "SumStringsAsnumbers\SumStringsAsNumbers\SumStringsAsNumbersKata.csproj", "{54E9E47B-EB57-4846-9FB1-D1937C698E3C}"
EndProject
Project("{9A19103F-16F7-4668-BE54-9A1E7A4F7556}") = "SumStringsAsNumbersKataTests", "SumStringsAsnumbers\SumStringsAsNumbersKataTests\SumStringsAsNumbersKataTests.csproj", "{9E7BE20B-5445-4B54-8A41-81E1F906FB3E}"
EndProject
Project("{FAE04EC0-301F-11D3-BF4B-00C04F79EFBC}") = "ValidParenthesesKata", "ValidParenthesesKata\ValidParenthesesKata.csproj", "{CB621DAB-ED1A-46D4-8CFA-D3A950858E44}"
EndProject
Project("{FAE04EC0-301F-11D3-BF4B-00C04F79EFBC}") = "ValidParenthesesKataTests", "ValidParenthesesKataTests\ValidParenthesesKataTests.csproj", "{1E22918C-3437-49A6-BAD4-47214819400C}"
EndProject
Global
	GlobalSection(SolutionConfigurationPlatforms) = preSolution
		Debug|Any CPU = Debug|Any CPU
		Release|Any CPU = Release|Any CPU
	EndGlobalSection
	GlobalSection(ProjectConfigurationPlatforms) = postSolution
		{EC7C167A-89DD-4942-89E0-3C3ED2B2BE45}.Debug|Any CPU.ActiveCfg = Debug|Any CPU
		{EC7C167A-89DD-4942-89E0-3C3ED2B2BE45}.Debug|Any CPU.Build.0 = Debug|Any CPU
		{EC7C167A-89DD-4942-89E0-3C3ED2B2BE45}.Release|Any CPU.ActiveCfg = Release|Any CPU
		{EC7C167A-89DD-4942-89E0-3C3ED2B2BE45}.Release|Any CPU.Build.0 = Release|Any CPU
		{43B81E0A-DB61-412F-A14D-328391048A92}.Debug|Any CPU.ActiveCfg = Debug|Any CPU
		{43B81E0A-DB61-412F-A14D-328391048A92}.Debug|Any CPU.Build.0 = Debug|Any CPU
		{43B81E0A-DB61-412F-A14D-328391048A92}.Release|Any CPU.ActiveCfg = Release|Any CPU
		{43B81E0A-DB61-412F-A14D-328391048A92}.Release|Any CPU.Build.0 = Release|Any CPU
		{B52A166C-5E77-4ADB-B044-C57C3E4974AF}.Debug|Any CPU.ActiveCfg = Debug|Any CPU
		{B52A166C-5E77-4ADB-B044-C57C3E4974AF}.Debug|Any CPU.Build.0 = Debug|Any CPU
		{B52A166C-5E77-4ADB-B044-C57C3E4974AF}.Release|Any CPU.ActiveCfg = Release|Any CPU
		{B52A166C-5E77-4ADB-B044-C57C3E4974AF}.Release|Any CPU.Build.0 = Release|Any CPU
		{267A7550-750B-48DE-99C8-38DEE518F372}.Debug|Any CPU.ActiveCfg = Debug|Any CPU
		{267A7550-750B-48DE-99C8-38DEE518F372}.Debug|Any CPU.Build.0 = Debug|Any CPU
		{267A7550-750B-48DE-99C8-38DEE518F372}.Release|Any CPU.ActiveCfg = Release|Any CPU
		{267A7550-750B-48DE-99C8-38DEE518F372}.Release|Any CPU.Build.0 = Release|Any CPU
		{C867B7B6-965D-4280-AE48-6E1C80B81D76}.Debug|Any CPU.ActiveCfg = Debug|Any CPU
		{C867B7B6-965D-4280-AE48-6E1C80B81D76}.Debug|Any CPU.Build.0 = Debug|Any CPU
		{C867B7B6-965D-4280-AE48-6E1C80B81D76}.Release|Any CPU.ActiveCfg = Release|Any CPU
		{C867B7B6-965D-4280-AE48-6E1C80B81D76}.Release|Any CPU.Build.0 = Release|Any CPU
		{AD4928CC-4839-4634-8309-838CE354021B}.Debug|Any CPU.ActiveCfg = Debug|Any CPU
		{AD4928CC-4839-4634-8309-838CE354021B}.Debug|Any CPU.Build.0 = Debug|Any CPU
		{AD4928CC-4839-4634-8309-838CE354021B}.Release|Any CPU.ActiveCfg = Release|Any CPU
		{AD4928CC-4839-4634-8309-838CE354021B}.Release|Any CPU.Build.0 = Release|Any CPU
		{B3204F79-3B3E-4D9B-BD45-CE3D16B362D3}.Debug|Any CPU.ActiveCfg = Debug|Any CPU
		{B3204F79-3B3E-4D9B-BD45-CE3D16B362D3}.Debug|Any CPU.Build.0 = Debug|Any CPU
		{B3204F79-3B3E-4D9B-BD45-CE3D16B362D3}.Release|Any CPU.ActiveCfg = Release|Any CPU
		{B3204F79-3B3E-4D9B-BD45-CE3D16B362D3}.Release|Any CPU.Build.0 = Release|Any CPU
		{151A733C-3207-4119-8EBC-0E893A2D82F8}.Debug|Any CPU.ActiveCfg = Debug|Any CPU
		{151A733C-3207-4119-8EBC-0E893A2D82F8}.Debug|Any CPU.Build.0 = Debug|Any CPU
		{151A733C-3207-4119-8EBC-0E893A2D82F8}.Release|Any CPU.ActiveCfg = Release|Any CPU
		{151A733C-3207-4119-8EBC-0E893A2D82F8}.Release|Any CPU.Build.0 = Release|Any CPU
		{54E9E47B-EB57-4846-9FB1-D1937C698E3C}.Debug|Any CPU.ActiveCfg = Debug|Any CPU
		{54E9E47B-EB57-4846-9FB1-D1937C698E3C}.Debug|Any CPU.Build.0 = Debug|Any CPU
		{54E9E47B-EB57-4846-9FB1-D1937C698E3C}.Release|Any CPU.ActiveCfg = Release|Any CPU
		{54E9E47B-EB57-4846-9FB1-D1937C698E3C}.Release|Any CPU.Build.0 = Release|Any CPU
		{9E7BE20B-5445-4B54-8A41-81E1F906FB3E}.Debug|Any CPU.ActiveCfg = Debug|Any CPU
		{9E7BE20B-5445-4B54-8A41-81E1F906FB3E}.Debug|Any CPU.Build.0 = Debug|Any CPU
		{9E7BE20B-5445-4B54-8A41-81E1F906FB3E}.Release|Any CPU.ActiveCfg = Release|Any CPU
		{9E7BE20B-5445-4B54-8A41-81E1F906FB3E}.Release|Any CPU.Build.0 = Release|Any CPU
		{CB621DAB-ED1A-46D4-8CFA-D3A950858E44}.Debug|Any CPU.ActiveCfg = Debug|Any CPU
		{CB621DAB-ED1A-46D4-8CFA-D3A950858E44}.Debug|Any CPU.Build.0 = Debug|Any CPU
		{CB621DAB-ED1A-46D4-8CFA-D3A950858E44}.Release|Any CPU.ActiveCfg = Release|Any CPU
		{CB621DAB-ED1A-46D4-8CFA-D3A950858E44}.Release|Any CPU.Build.0 = Release|Any CPU
		{1E22918C-3437-49A6-BAD4-47214819400C}.Debug|Any CPU.ActiveCfg = Debug|Any CPU
		{1E22918C-3437-49A6-BAD4-47214819400C}.Debug|Any CPU.Build.0 = Debug|Any CPU
		{1E22918C-3437-49A6-BAD4-47214819400C}.Release|Any CPU.ActiveCfg = Release|Any CPU
		{1E22918C-3437-49A6-BAD4-47214819400C}.Release|Any CPU.Build.0 = Release|Any CPU
	EndGlobalSection
	GlobalSection(SolutionProperties) = preSolution
		HideSolutionNode = FALSE
	EndGlobalSection
	GlobalSection(NestedProjects) = preSolution
		{EC7C167A-89DD-4942-89E0-3C3ED2B2BE45} = {551D2357-D7CD-4B50-9644-2A2736EA5040}
		{43B81E0A-DB61-412F-A14D-328391048A92} = {551D2357-D7CD-4B50-9644-2A2736EA5040}
		{B52A166C-5E77-4ADB-B044-C57C3E4974AF} = {F7ACF25B-BA5C-41FA-963A-0F6CCF0285B0}
		{267A7550-750B-48DE-99C8-38DEE518F372} = {F7ACF25B-BA5C-41FA-963A-0F6CCF0285B0}
		{C867B7B6-965D-4280-AE48-6E1C80B81D76} = {0F16A155-A0FE-47BA-B0CC-C5530539BD10}
		{AD4928CC-4839-4634-8309-838CE354021B} = {0F16A155-A0FE-47BA-B0CC-C5530539BD10}
		{B3204F79-3B3E-4D9B-BD45-CE3D16B362D3} = {D9DA8353-9807-4369-AD59-18D323CE72F1}
		{151A733C-3207-4119-8EBC-0E893A2D82F8} = {D9DA8353-9807-4369-AD59-18D323CE72F1}
		{54E9E47B-EB57-4846-9FB1-D1937C698E3C} = {AF56AD32-9355-415C-A309-E01276CEAD1E}
		{9E7BE20B-5445-4B54-8A41-81E1F906FB3E} = {AF56AD32-9355-415C-A309-E01276CEAD1E}
	EndGlobalSection
	GlobalSection(ExtensibilityGlobals) = postSolution
		SolutionGuid = {BACC3492-3051-48DB-90B9-8A30028BA025}
	EndGlobalSection
EndGlobal
