
Microsoft Visual Studio Solution File, Format Version 12.00
# Visual Studio Version 16
VisualStudioVersion = 16.0.30204.135
MinimumVisualStudioVersion = 10.0.40219.1
Project("{2150E333-8FDC-42A3-9474-1A3956D46DE8}") = "GiveMeAllMethods", "GiveMeAllMethods", "{551D2357-D7CD-4B50-9644-2A2736EA5040}"
EndProject
Project("{9A19103F-16F7-4668-BE54-9A1E7A4F7556}") = "GetAllMethodsName", "GiveMeAllMethods\GetAllMethodsName\GetAllMethodsName.csproj", "{EC7C167A-89DD-4942-89E0-3C3ED2B2BE45}"
EndProject
Project("{9A19103F-16F7-4668-BE54-9A1E7A4F7556}") = "GetAllMethodsNameTests", "GiveMeAllMethods\GetAllMethodsNameTests\GetAllMethodsNameTests.csproj", "{43B81E0A-DB61-412F-A14D-328391048A92}"
EndProject
Project("{2150E333-8FDC-42A3-9474-1A3956D46DE8}") = "Array.Diff", "Array.Diff", "{0F16A155-A0FE-47BA-B0CC-C5530539BD10}"
EndProject
Project("{9A19103F-16F7-4668-BE54-9A1E7A4F7556}") = "Array.diffKata", "Array.diff\Array.diffKata\Array.diffKata.csproj", "{C867B7B6-965D-4280-AE48-6E1C80B81D76}"
EndProject
Project("{9A19103F-16F7-4668-BE54-9A1E7A4F7556}") = "Array.diffTests", "Array.diff\Array.diffTests\Array.diffTests.csproj", "{AD4928CC-4839-4634-8309-838CE354021B}"
EndProject
Project("{2150E333-8FDC-42A3-9474-1A3956D46DE8}") = "SmallFuck", "SmallFuck", "{D9DA8353-9807-4369-AD59-18D323CE72F1}"
EndProject
Project("{9A19103F-16F7-4668-BE54-9A1E7A4F7556}") = "SmallFuck", "SmallFuck\SmallFuckKata\SmallFuck.csproj", "{B3204F79-3B3E-4D9B-BD45-CE3D16B362D3}"
EndProject
Project("{9A19103F-16F7-4668-BE54-9A1E7A4F7556}") = "SmallFuckTests", "SmallFuck\SmallFuckTests\SmallFuckTests.csproj", "{151A733C-3207-4119-8EBC-0E893A2D82F8}"
EndProject
Project("{2150E333-8FDC-42A3-9474-1A3956D46DE8}") = "SumStringsAsNumbers", "SumStringsAsNumbers", "{AF56AD32-9355-415C-A309-E01276CEAD1E}"
EndProject
Project("{9A19103F-16F7-4668-BE54-9A1E7A4F7556}") = "SumStringsAsNumbersKata", "SumStringsAsnumbers\SumStringsAsNumbers\SumStringsAsNumbersKata.csproj", "{54E9E47B-EB57-4846-9FB1-D1937C698E3C}"
EndProject
Project("{9A19103F-16F7-4668-BE54-9A1E7A4F7556}") = "SumStringsAsNumbersKataTests", "SumStringsAsnumbers\SumStringsAsNumbersKataTests\SumStringsAsNumbersKataTests.csproj", "{9E7BE20B-5445-4B54-8A41-81E1F906FB3E}"
EndProject
Project("{2150E333-8FDC-42A3-9474-1A3956D46DE8}") = "ValidParenthese", "ValidParenthese", "{5B1666CD-A089-4056-8521-4ECBACC20621}"
EndProject
Project("{9A19103F-16F7-4668-BE54-9A1E7A4F7556}") = "ValidParenthesesKata", "ValidParentheses\ValidParenthesesKata\ValidParenthesesKata.csproj", "{C488A869-BC11-4FE1-AF90-450D2F396100}"
EndProject
Project("{9A19103F-16F7-4668-BE54-9A1E7A4F7556}") = "ValidParenthesesKataTests", "ValidParentheses\ValidParenthesesKataTests\ValidParenthesesKataTests.csproj", "{60295C49-EC17-42DA-A224-3EBC93893240}"
EndProject
Project("{2150E333-8FDC-42A3-9474-1A3956D46DE8}") = "Sudoku", "Sudoku", "{E0E1BF63-995E-4674-BD5E-4F84BAC511A8}"
EndProject
Project("{9A19103F-16F7-4668-BE54-9A1E7A4F7556}") = "SudokuKata", "Sudoku\SudokuKata\SudokuKata.csproj", "{870D058A-203D-4E5E-9DA5-72F99638F95F}"
EndProject
Project("{9A19103F-16F7-4668-BE54-9A1E7A4F7556}") = "SudokuKataTests", "Sudoku\SudokuKataTests\SudokuKataTests.csproj", "{CB033A7F-12FA-4983-9A70-497EC391E7E0}"
EndProject
Project("{2150E333-8FDC-42A3-9474-1A3956D46DE8}") = "TenMinuteWalk", "TenMinuteWalk", "{CEA20D60-1624-46F7-99C6-14AAB0F4221D}"
EndProject
Project("{9A19103F-16F7-4668-BE54-9A1E7A4F7556}") = "TenMinuteWalkKata", "TenMinuteWalk\TenMinuteWalk\TenMinuteWalkKata.csproj", "{F6D0064D-3DAF-4139-A3F6-D2EF97320F6B}"
EndProject
Project("{9A19103F-16F7-4668-BE54-9A1E7A4F7556}") = "TenMinuteWalkKataTests", "TenMinuteWalk\TenMinuteWalkKataTests\TenMinuteWalkKataTests.csproj", "{F28CA53B-81BC-4B29-9DA3-CF2E4016A805}"
EndProject
Project("{2150E333-8FDC-42A3-9474-1A3956D46DE8}") = "Vasya-Clerk", "Vasya-Clerk", "{CD7F3BDE-AF59-452C-9F0E-14F8407747A4}"
EndProject
Project("{9A19103F-16F7-4668-BE54-9A1E7A4F7556}") = "Vasya-ClerkKata", "Vasya-Clerk\Vasya-ClerkKata\Vasya-ClerkKata.csproj", "{9914B6F4-22E4-415B-BF6C-E30F174A579C}"
EndProject
Project("{9A19103F-16F7-4668-BE54-9A1E7A4F7556}") = "Vasya-ClerkKataTests", "Vasya-Clerk\Vasya-ClerkKataTests\Vasya-ClerkKataTests.csproj", "{AF987D2C-27AB-4677-97F3-BB28B08D53A9}"
EndProject
Project("{2150E333-8FDC-42A3-9474-1A3956D46DE8}") = "FindTheOddInt", "FindTheOddInt", "{C5AA2905-7C88-4AB2-8F1A-F72339AB3009}"
EndProject
Project("{9A19103F-16F7-4668-BE54-9A1E7A4F7556}") = "FindTheOddIntKata", "FindTheOddInt\FindTheOddIntKata\FindTheOddIntKata.csproj", "{94D8194A-88AD-48D5-B3C0-299FD2F40E1F}"
EndProject
Project("{9A19103F-16F7-4668-BE54-9A1E7A4F7556}") = "FindTheOddIntKataTests", "FindTheOddInt\FindTheOddIntKataTests\FindTheOddIntKataTests.csproj", "{DEF8FC3B-66BC-4418-9028-FD85A955CA8D}"
EndProject
Global
	GlobalSection(SolutionConfigurationPlatforms) = preSolution
		Debug|Any CPU = Debug|Any CPU
		Release|Any CPU = Release|Any CPU
	EndGlobalSection
	GlobalSection(ProjectConfigurationPlatforms) = postSolution
		{EC7C167A-89DD-4942-89E0-3C3ED2B2BE45}.Debug|Any CPU.ActiveCfg = Debug|Any CPU
		{EC7C167A-89DD-4942-89E0-3C3ED2B2BE45}.Debug|Any CPU.Build.0 = Debug|Any CPU
		{EC7C167A-89DD-4942-89E0-3C3ED2B2BE45}.Release|Any CPU.ActiveCfg = Release|Any CPU
		{EC7C167A-89DD-4942-89E0-3C3ED2B2BE45}.Release|Any CPU.Build.0 = Release|Any CPU
		{43B81E0A-DB61-412F-A14D-328391048A92}.Debug|Any CPU.ActiveCfg = Debug|Any CPU
		{43B81E0A-DB61-412F-A14D-328391048A92}.Debug|Any CPU.Build.0 = Debug|Any CPU
		{43B81E0A-DB61-412F-A14D-328391048A92}.Release|Any CPU.ActiveCfg = Release|Any CPU
		{43B81E0A-DB61-412F-A14D-328391048A92}.Release|Any CPU.Build.0 = Release|Any CPU
		{C867B7B6-965D-4280-AE48-6E1C80B81D76}.Debug|Any CPU.ActiveCfg = Debug|Any CPU
		{C867B7B6-965D-4280-AE48-6E1C80B81D76}.Debug|Any CPU.Build.0 = Debug|Any CPU
		{C867B7B6-965D-4280-AE48-6E1C80B81D76}.Release|Any CPU.ActiveCfg = Release|Any CPU
		{C867B7B6-965D-4280-AE48-6E1C80B81D76}.Release|Any CPU.Build.0 = Release|Any CPU
		{AD4928CC-4839-4634-8309-838CE354021B}.Debug|Any CPU.ActiveCfg = Debug|Any CPU
		{AD4928CC-4839-4634-8309-838CE354021B}.Debug|Any CPU.Build.0 = Debug|Any CPU
		{AD4928CC-4839-4634-8309-838CE354021B}.Release|Any CPU.ActiveCfg = Release|Any CPU
		{AD4928CC-4839-4634-8309-838CE354021B}.Release|Any CPU.Build.0 = Release|Any CPU
		{B3204F79-3B3E-4D9B-BD45-CE3D16B362D3}.Debug|Any CPU.ActiveCfg = Debug|Any CPU
		{B3204F79-3B3E-4D9B-BD45-CE3D16B362D3}.Debug|Any CPU.Build.0 = Debug|Any CPU
		{B3204F79-3B3E-4D9B-BD45-CE3D16B362D3}.Release|Any CPU.ActiveCfg = Release|Any CPU
		{B3204F79-3B3E-4D9B-BD45-CE3D16B362D3}.Release|Any CPU.Build.0 = Release|Any CPU
		{151A733C-3207-4119-8EBC-0E893A2D82F8}.Debug|Any CPU.ActiveCfg = Debug|Any CPU
		{151A733C-3207-4119-8EBC-0E893A2D82F8}.Debug|Any CPU.Build.0 = Debug|Any CPU
		{151A733C-3207-4119-8EBC-0E893A2D82F8}.Release|Any CPU.ActiveCfg = Release|Any CPU
		{151A733C-3207-4119-8EBC-0E893A2D82F8}.Release|Any CPU.Build.0 = Release|Any CPU
		{54E9E47B-EB57-4846-9FB1-D1937C698E3C}.Debug|Any CPU.ActiveCfg = Debug|Any CPU
		{54E9E47B-EB57-4846-9FB1-D1937C698E3C}.Debug|Any CPU.Build.0 = Debug|Any CPU
		{54E9E47B-EB57-4846-9FB1-D1937C698E3C}.Release|Any CPU.ActiveCfg = Release|Any CPU
		{54E9E47B-EB57-4846-9FB1-D1937C698E3C}.Release|Any CPU.Build.0 = Release|Any CPU
		{9E7BE20B-5445-4B54-8A41-81E1F906FB3E}.Debug|Any CPU.ActiveCfg = Debug|Any CPU
		{9E7BE20B-5445-4B54-8A41-81E1F906FB3E}.Debug|Any CPU.Build.0 = Debug|Any CPU
		{9E7BE20B-5445-4B54-8A41-81E1F906FB3E}.Release|Any CPU.ActiveCfg = Release|Any CPU
		{9E7BE20B-5445-4B54-8A41-81E1F906FB3E}.Release|Any CPU.Build.0 = Release|Any CPU
		{C488A869-BC11-4FE1-AF90-450D2F396100}.Debug|Any CPU.ActiveCfg = Debug|Any CPU
		{C488A869-BC11-4FE1-AF90-450D2F396100}.Debug|Any CPU.Build.0 = Debug|Any CPU
		{C488A869-BC11-4FE1-AF90-450D2F396100}.Release|Any CPU.ActiveCfg = Release|Any CPU
		{C488A869-BC11-4FE1-AF90-450D2F396100}.Release|Any CPU.Build.0 = Release|Any CPU
		{60295C49-EC17-42DA-A224-3EBC93893240}.Debug|Any CPU.ActiveCfg = Debug|Any CPU
		{60295C49-EC17-42DA-A224-3EBC93893240}.Debug|Any CPU.Build.0 = Debug|Any CPU
		{60295C49-EC17-42DA-A224-3EBC93893240}.Release|Any CPU.ActiveCfg = Release|Any CPU
		{60295C49-EC17-42DA-A224-3EBC93893240}.Release|Any CPU.Build.0 = Release|Any CPU
		{870D058A-203D-4E5E-9DA5-72F99638F95F}.Debug|Any CPU.ActiveCfg = Debug|Any CPU
		{870D058A-203D-4E5E-9DA5-72F99638F95F}.Debug|Any CPU.Build.0 = Debug|Any CPU
		{870D058A-203D-4E5E-9DA5-72F99638F95F}.Release|Any CPU.ActiveCfg = Release|Any CPU
		{870D058A-203D-4E5E-9DA5-72F99638F95F}.Release|Any CPU.Build.0 = Release|Any CPU
		{CB033A7F-12FA-4983-9A70-497EC391E7E0}.Debug|Any CPU.ActiveCfg = Debug|Any CPU
		{CB033A7F-12FA-4983-9A70-497EC391E7E0}.Debug|Any CPU.Build.0 = Debug|Any CPU
		{CB033A7F-12FA-4983-9A70-497EC391E7E0}.Release|Any CPU.ActiveCfg = Release|Any CPU
		{CB033A7F-12FA-4983-9A70-497EC391E7E0}.Release|Any CPU.Build.0 = Release|Any CPU
		{F6D0064D-3DAF-4139-A3F6-D2EF97320F6B}.Debug|Any CPU.ActiveCfg = Debug|Any CPU
		{F6D0064D-3DAF-4139-A3F6-D2EF97320F6B}.Debug|Any CPU.Build.0 = Debug|Any CPU
		{F6D0064D-3DAF-4139-A3F6-D2EF97320F6B}.Release|Any CPU.ActiveCfg = Release|Any CPU
		{F6D0064D-3DAF-4139-A3F6-D2EF97320F6B}.Release|Any CPU.Build.0 = Release|Any CPU
		{F28CA53B-81BC-4B29-9DA3-CF2E4016A805}.Debug|Any CPU.ActiveCfg = Debug|Any CPU
		{F28CA53B-81BC-4B29-9DA3-CF2E4016A805}.Debug|Any CPU.Build.0 = Debug|Any CPU
		{F28CA53B-81BC-4B29-9DA3-CF2E4016A805}.Release|Any CPU.ActiveCfg = Release|Any CPU
		{F28CA53B-81BC-4B29-9DA3-CF2E4016A805}.Release|Any CPU.Build.0 = Release|Any CPU
		{9914B6F4-22E4-415B-BF6C-E30F174A579C}.Debug|Any CPU.ActiveCfg = Debug|Any CPU
		{9914B6F4-22E4-415B-BF6C-E30F174A579C}.Debug|Any CPU.Build.0 = Debug|Any CPU
		{9914B6F4-22E4-415B-BF6C-E30F174A579C}.Release|Any CPU.ActiveCfg = Release|Any CPU
		{9914B6F4-22E4-415B-BF6C-E30F174A579C}.Release|Any CPU.Build.0 = Release|Any CPU
		{AF987D2C-27AB-4677-97F3-BB28B08D53A9}.Debug|Any CPU.ActiveCfg = Debug|Any CPU
		{AF987D2C-27AB-4677-97F3-BB28B08D53A9}.Debug|Any CPU.Build.0 = Debug|Any CPU
		{AF987D2C-27AB-4677-97F3-BB28B08D53A9}.Release|Any CPU.ActiveCfg = Release|Any CPU
		{AF987D2C-27AB-4677-97F3-BB28B08D53A9}.Release|Any CPU.Build.0 = Release|Any CPU
		{94D8194A-88AD-48D5-B3C0-299FD2F40E1F}.Debug|Any CPU.ActiveCfg = Debug|Any CPU
		{94D8194A-88AD-48D5-B3C0-299FD2F40E1F}.Debug|Any CPU.Build.0 = Debug|Any CPU
		{94D8194A-88AD-48D5-B3C0-299FD2F40E1F}.Release|Any CPU.ActiveCfg = Release|Any CPU
		{94D8194A-88AD-48D5-B3C0-299FD2F40E1F}.Release|Any CPU.Build.0 = Release|Any CPU
		{DEF8FC3B-66BC-4418-9028-FD85A955CA8D}.Debug|Any CPU.ActiveCfg = Debug|Any CPU
		{DEF8FC3B-66BC-4418-9028-FD85A955CA8D}.Debug|Any CPU.Build.0 = Debug|Any CPU
		{DEF8FC3B-66BC-4418-9028-FD85A955CA8D}.Release|Any CPU.ActiveCfg = Release|Any CPU
		{DEF8FC3B-66BC-4418-9028-FD85A955CA8D}.Release|Any CPU.Build.0 = Release|Any CPU
	EndGlobalSection
	GlobalSection(SolutionProperties) = preSolution
		HideSolutionNode = FALSE
	EndGlobalSection
	GlobalSection(NestedProjects) = preSolution
		{EC7C167A-89DD-4942-89E0-3C3ED2B2BE45} = {551D2357-D7CD-4B50-9644-2A2736EA5040}
		{43B81E0A-DB61-412F-A14D-328391048A92} = {551D2357-D7CD-4B50-9644-2A2736EA5040}
		{C867B7B6-965D-4280-AE48-6E1C80B81D76} = {0F16A155-A0FE-47BA-B0CC-C5530539BD10}
		{AD4928CC-4839-4634-8309-838CE354021B} = {0F16A155-A0FE-47BA-B0CC-C5530539BD10}
		{B3204F79-3B3E-4D9B-BD45-CE3D16B362D3} = {D9DA8353-9807-4369-AD59-18D323CE72F1}
		{151A733C-3207-4119-8EBC-0E893A2D82F8} = {D9DA8353-9807-4369-AD59-18D323CE72F1}
		{54E9E47B-EB57-4846-9FB1-D1937C698E3C} = {AF56AD32-9355-415C-A309-E01276CEAD1E}
		{9E7BE20B-5445-4B54-8A41-81E1F906FB3E} = {AF56AD32-9355-415C-A309-E01276CEAD1E}
		{C488A869-BC11-4FE1-AF90-450D2F396100} = {5B1666CD-A089-4056-8521-4ECBACC20621}
		{60295C49-EC17-42DA-A224-3EBC93893240} = {5B1666CD-A089-4056-8521-4ECBACC20621}
		{870D058A-203D-4E5E-9DA5-72F99638F95F} = {E0E1BF63-995E-4674-BD5E-4F84BAC511A8}
		{CB033A7F-12FA-4983-9A70-497EC391E7E0} = {E0E1BF63-995E-4674-BD5E-4F84BAC511A8}
		{F6D0064D-3DAF-4139-A3F6-D2EF97320F6B} = {CEA20D60-1624-46F7-99C6-14AAB0F4221D}
		{F28CA53B-81BC-4B29-9DA3-CF2E4016A805} = {CEA20D60-1624-46F7-99C6-14AAB0F4221D}
		{9914B6F4-22E4-415B-BF6C-E30F174A579C} = {CD7F3BDE-AF59-452C-9F0E-14F8407747A4}
		{AF987D2C-27AB-4677-97F3-BB28B08D53A9} = {CD7F3BDE-AF59-452C-9F0E-14F8407747A4}
		{94D8194A-88AD-48D5-B3C0-299FD2F40E1F} = {C5AA2905-7C88-4AB2-8F1A-F72339AB3009}
		{DEF8FC3B-66BC-4418-9028-FD85A955CA8D} = {C5AA2905-7C88-4AB2-8F1A-F72339AB3009}
	EndGlobalSection
	GlobalSection(ExtensibilityGlobals) = postSolution
		SolutionGuid = {BACC3492-3051-48DB-90B9-8A30028BA025}
	EndGlobalSection
EndGlobal
